
Microsoft Visual Studio Solution File, Format Version 12.00
# Visual Studio 15
VisualStudioVersion = 15.0.27703.2026
MinimumVisualStudioVersion = 10.0.40219.1
Project("{FAE04EC0-301F-11D3-BF4B-00C04F79EFBC}") = "MyCalcLib", "MyCalcLib\MyCalcLib.csproj", "{C125B9CB-28D9-4A92-B049-39424568D71C}"
EndProject
Project("{FAE04EC0-301F-11D3-BF4B-00C04F79EFBC}") = "MyCalcLib.Tests", "MyCalcLib.Tests\MyCalcLib.Tests.csproj", "{0FFD2C3C-F26F-4E7B-991C-3076795B62B4}"
EndProject
Global
	GlobalSection(SolutionConfigurationPlatforms) = preSolution
		Debug|Any CPU = Debug|Any CPU
		Release|Any CPU = Release|Any CPU
	EndGlobalSection
	GlobalSection(ProjectConfigurationPlatforms) = postSolution
		{C125B9CB-28D9-4A92-B049-39424568D71C}.Debug|Any CPU.ActiveCfg = Debug|Any CPU
		{C125B9CB-28D9-4A92-B049-39424568D71C}.Debug|Any CPU.Build.0 = Debug|Any CPU
		{C125B9CB-28D9-4A92-B049-39424568D71C}.Release|Any CPU.ActiveCfg = Release|Any CPU
		{C125B9CB-28D9-4A92-B049-39424568D71C}.Release|Any CPU.Build.0 = Release|Any CPU
		{0FFD2C3C-F26F-4E7B-991C-3076795B62B4}.Debug|Any CPU.ActiveCfg = Debug|Any CPU
		{0FFD2C3C-F26F-4E7B-991C-3076795B62B4}.Debug|Any CPU.Build.0 = Debug|Any CPU
		{0FFD2C3C-F26F-4E7B-991C-3076795B62B4}.Release|Any CPU.ActiveCfg = Release|Any CPU
		{0FFD2C3C-F26F-4E7B-991C-3076795B62B4}.Release|Any CPU.Build.0 = Release|Any CPU
	EndGlobalSection
	GlobalSection(SolutionProperties) = preSolution
		HideSolutionNode = FALSE
	EndGlobalSection
	GlobalSection(ExtensibilityGlobals) = postSolution
		SolutionGuid = {6E97230D-FF65-4902-AE03-0A22A1933E1E}
	EndGlobalSection
EndGlobal
